
Microsoft Visual Studio Solution File, Format Version 12.00
# Visual Studio Version 17
VisualStudioVersion = 17.9.34728.123
MinimumVisualStudioVersion = 10.0.40219.1
Project("{FAE04EC0-301F-11D3-BF4B-00C04F79EFBC}") = "Presentacion", "Presentacion\Presentacion.csproj", "{D3F38EF8-5708-4BB3-BBBE-23ED42D9AFA3}"
EndProject
Project("{FAE04EC0-301F-11D3-BF4B-00C04F79EFBC}") = "Negocio", "Negocio\Negocio.csproj", "{12005197-48BD-42B9-9F60-5A74C78862B2}"
EndProject
Project("{FAE04EC0-301F-11D3-BF4B-00C04F79EFBC}") = "Datos", "Datos\Datos.csproj", "{1064232E-829D-4F66-96F3-71ED4A6B1DE2}"
EndProject
Global
	GlobalSection(SolutionConfigurationPlatforms) = preSolution
		Debug|Any CPU = Debug|Any CPU
		Release|Any CPU = Release|Any CPU
	EndGlobalSection
	GlobalSection(ProjectConfigurationPlatforms) = postSolution
		{D3F38EF8-5708-4BB3-BBBE-23ED42D9AFA3}.Debug|Any CPU.ActiveCfg = Debug|Any CPU
		{D3F38EF8-5708-4BB3-BBBE-23ED42D9AFA3}.Debug|Any CPU.Build.0 = Debug|Any CPU
		{D3F38EF8-5708-4BB3-BBBE-23ED42D9AFA3}.Release|Any CPU.ActiveCfg = Release|Any CPU
		{D3F38EF8-5708-4BB3-BBBE-23ED42D9AFA3}.Release|Any CPU.Build.0 = Release|Any CPU
		{12005197-48BD-42B9-9F60-5A74C78862B2}.Debug|Any CPU.ActiveCfg = Debug|Any CPU
		{12005197-48BD-42B9-9F60-5A74C78862B2}.Debug|Any CPU.Build.0 = Debug|Any CPU
		{12005197-48BD-42B9-9F60-5A74C78862B2}.Release|Any CPU.ActiveCfg = Release|Any CPU
		{12005197-48BD-42B9-9F60-5A74C78862B2}.Release|Any CPU.Build.0 = Release|Any CPU
		{1064232E-829D-4F66-96F3-71ED4A6B1DE2}.Debug|Any CPU.ActiveCfg = Debug|Any CPU
		{1064232E-829D-4F66-96F3-71ED4A6B1DE2}.Debug|Any CPU.Build.0 = Debug|Any CPU
		{1064232E-829D-4F66-96F3-71ED4A6B1DE2}.Release|Any CPU.ActiveCfg = Release|Any CPU
		{1064232E-829D-4F66-96F3-71ED4A6B1DE2}.Release|Any CPU.Build.0 = Release|Any CPU
	EndGlobalSection
	GlobalSection(SolutionProperties) = preSolution
		HideSolutionNode = FALSE
	EndGlobalSection
	GlobalSection(ExtensibilityGlobals) = postSolution
		SolutionGuid = {0F64A662-43EA-4549-921A-69EC4178402B}
	EndGlobalSection
EndGlobal
